// !$*UTF8*$!
{
	archiveVersion = 1;
	classes = {
	};
	objectVersion = 77;
	objects = {

/* Begin PBXBuildFile section */
		5A7531E72CEE444200489705 /* ContentViewModel.swift in Sources */ = {isa = PBXBuildFile; fileRef = 5A7531DF2CEE444200489705 /* ContentViewModel.swift */; };
		5A7531E82CEE444200489705 /* MoviesAPIService.swift in Sources */ = {isa = PBXBuildFile; fileRef = 5A7531E22CEE444200489705 /* MoviesAPIService.swift */; };
		5A7531E92CEE444200489705 /* Movie.swift in Sources */ = {isa = PBXBuildFile; fileRef = 5A7531E02CEE444200489705 /* Movie.swift */; };
		5A7531EA2CEE444200489705 /* ContentView.swift in Sources */ = {isa = PBXBuildFile; fileRef = 5A7531DE2CEE444200489705 /* ContentView.swift */; };
		5A7531EB2CEE444200489705 /* MovieDetailsView.swift in Sources */ = {isa = PBXBuildFile; fileRef = 5A7531E12CEE444200489705 /* MovieDetailsView.swift */; };
		5A7531EC2CEE444200489705 /* MovieSearchApp.swift in Sources */ = {isa = PBXBuildFile; fileRef = 5A7531E32CEE444200489705 /* MovieSearchApp.swift */; };
		5A7531ED2CEE444200489705 /* MovieView.swift in Sources */ = {isa = PBXBuildFile; fileRef = 5A7531E42CEE444200489705 /* MovieView.swift */; };
		5A7531EE2CEE444200489705 /* Bundle-Decodable.swift in Sources */ = {isa = PBXBuildFile; fileRef = 5A7531DD2CEE444200489705 /* Bundle-Decodable.swift */; };
		5A7531EF2CEE444200489705 /* Assets.xcassets in Resources */ = {isa = PBXBuildFile; fileRef = 5A7531DC2CEE444200489705 /* Assets.xcassets */; };
		5A7531F22CEF5FD000489705 /* SavedMovies.json in Resources */ = {isa = PBXBuildFile; fileRef = 5A7531F12CEE44F900489705 /* SavedMovies.json */; };
		5A7531F52CEF935D00489705 /* Config.xcconfig in Resources */ = {isa = PBXBuildFile; fileRef = 5A7531F42CEF907E00489705 /* Config.xcconfig */; };
		5A7531F92CF06E2600489705 /* Config.swift in Sources */ = {isa = PBXBuildFile; fileRef = 5A7531F82CF06E2600489705 /* Config.swift */; };
		5A7531FB2CF0C0BB00489705 /* .gitignore in Resources */ = {isa = PBXBuildFile; fileRef = 5A7531FA2CF0C0B500489705 /* .gitignore */; };
		5A7532232CF1D75800489705 /* RatingView.swift in Sources */ = {isa = PBXBuildFile; fileRef = 5A7532222CF1D75800489705 /* RatingView.swift */; };
		5A7532402CF1E04700489705 /* Favorites.swift in Sources */ = {isa = PBXBuildFile; fileRef = 5A75323F2CF1E04700489705 /* Favorites.swift */; };
		5A7532A12CF32B4A00489705 /* LayoutView.swift in Sources */ = {isa = PBXBuildFile; fileRef = 5A7532A02CF32B4A00489705 /* LayoutView.swift */; };
		5A7532A52CF34CC000489705 /* TabContentView.swift in Sources */ = {isa = PBXBuildFile; fileRef = 5A7532A42CF34CC000489705 /* TabContentView.swift */; };
/* End PBXBuildFile section */

/* Begin PBXFileReference section */
		5A752E522CEB4A4800489705 /* MovieSearch.app */ = {isa = PBXFileReference; explicitFileType = wrapper.application; includeInIndex = 0; path = MovieSearch.app; sourceTree = BUILT_PRODUCTS_DIR; };
		5A7531DC2CEE444200489705 /* Assets.xcassets */ = {isa = PBXFileReference; lastKnownFileType = folder.assetcatalog; path = Assets.xcassets; sourceTree = "<group>"; };
		5A7531DD2CEE444200489705 /* Bundle-Decodable.swift */ = {isa = PBXFileReference; lastKnownFileType = sourcecode.swift; path = "Bundle-Decodable.swift"; sourceTree = "<group>"; };
		5A7531DE2CEE444200489705 /* ContentView.swift */ = {isa = PBXFileReference; lastKnownFileType = sourcecode.swift; path = ContentView.swift; sourceTree = "<group>"; };
		5A7531DF2CEE444200489705 /* ContentViewModel.swift */ = {isa = PBXFileReference; lastKnownFileType = sourcecode.swift; path = ContentViewModel.swift; sourceTree = "<group>"; };
		5A7531E02CEE444200489705 /* Movie.swift */ = {isa = PBXFileReference; lastKnownFileType = sourcecode.swift; path = Movie.swift; sourceTree = "<group>"; };
		5A7531E12CEE444200489705 /* MovieDetailsView.swift */ = {isa = PBXFileReference; lastKnownFileType = sourcecode.swift; path = MovieDetailsView.swift; sourceTree = "<group>"; };
		5A7531E22CEE444200489705 /* MoviesAPIService.swift */ = {isa = PBXFileReference; lastKnownFileType = sourcecode.swift; path = MoviesAPIService.swift; sourceTree = "<group>"; };
		5A7531E32CEE444200489705 /* MovieSearchApp.swift */ = {isa = PBXFileReference; lastKnownFileType = sourcecode.swift; path = MovieSearchApp.swift; sourceTree = "<group>"; };
		5A7531E42CEE444200489705 /* MovieView.swift */ = {isa = PBXFileReference; lastKnownFileType = sourcecode.swift; path = MovieView.swift; sourceTree = "<group>"; };
		5A7531F12CEE44F900489705 /* SavedMovies.json */ = {isa = PBXFileReference; lastKnownFileType = text.json; path = SavedMovies.json; sourceTree = "<group>"; };
		5A7531F42CEF907E00489705 /* Config.xcconfig */ = {isa = PBXFileReference; lastKnownFileType = text.xcconfig; path = Config.xcconfig; sourceTree = "<group>"; };
		5A7531F82CF06E2600489705 /* Config.swift */ = {isa = PBXFileReference; lastKnownFileType = sourcecode.swift; path = Config.swift; sourceTree = "<group>"; };
		5A7531FA2CF0C0B500489705 /* .gitignore */ = {isa = PBXFileReference; lastKnownFileType = text; path = .gitignore; sourceTree = "<group>"; };
		5A7532222CF1D75800489705 /* RatingView.swift */ = {isa = PBXFileReference; lastKnownFileType = sourcecode.swift; path = RatingView.swift; sourceTree = "<group>"; };
		5A75323F2CF1E04700489705 /* Favorites.swift */ = {isa = PBXFileReference; lastKnownFileType = sourcecode.swift; path = Favorites.swift; sourceTree = "<group>"; };
		5A7532A02CF32B4A00489705 /* LayoutView.swift */ = {isa = PBXFileReference; lastKnownFileType = sourcecode.swift; path = LayoutView.swift; sourceTree = "<group>"; };
		5A7532A42CF34CC000489705 /* TabContentView.swift */ = {isa = PBXFileReference; lastKnownFileType = sourcecode.swift; path = TabContentView.swift; sourceTree = "<group>"; };
/* End PBXFileReference section */

/* Begin PBXFileSystemSynchronizedRootGroup section */
		5A75329D2CF314EC00489705 /* Preview Content */ = {
			isa = PBXFileSystemSynchronizedRootGroup;
			path = "Preview Content";
			sourceTree = "<group>";
		};
/* End PBXFileSystemSynchronizedRootGroup section */

/* Begin PBXFrameworksBuildPhase section */
		5A752E4F2CEB4A4800489705 /* Frameworks */ = {
			isa = PBXFrameworksBuildPhase;
			buildActionMask = 2147483647;
			files = (
			);
			runOnlyForDeploymentPostprocessing = 0;
		};
/* End PBXFrameworksBuildPhase section */

/* Begin PBXGroup section */
		5A752E492CEB4A4800489705 = {
			isa = PBXGroup;
			children = (
				5A7531D22CEE440200489705 /* MovieSearch */,
				5A752E532CEB4A4800489705 /* Products */,
			);
			sourceTree = "<group>";
		};
		5A752E532CEB4A4800489705 /* Products */ = {
			isa = PBXGroup;
			children = (
				5A752E522CEB4A4800489705 /* MovieSearch.app */,
			);
			name = Products;
			sourceTree = "<group>";
		};
		5A7531D22CEE440200489705 /* MovieSearch */ = {
			isa = PBXGroup;
			children = (
				5A75329D2CF314EC00489705 /* Preview Content */,
				5A7531FA2CF0C0B500489705 /* .gitignore */,
				5A7531DC2CEE444200489705 /* Assets.xcassets */,
				5A7531DD2CEE444200489705 /* Bundle-Decodable.swift */,
				5A7531DE2CEE444200489705 /* ContentView.swift */,
				5A7532A42CF34CC000489705 /* TabContentView.swift */,
				5A7531F42CEF907E00489705 /* Config.xcconfig */,
				5A7531F12CEE44F900489705 /* SavedMovies.json */,
				5A7531DF2CEE444200489705 /* ContentViewModel.swift */,
				5A7532A02CF32B4A00489705 /* LayoutView.swift */,
				5A7531E02CEE444200489705 /* Movie.swift */,
				5A7531E12CEE444200489705 /* MovieDetailsView.swift */,
				5A75323F2CF1E04700489705 /* Favorites.swift */,
				5A7532222CF1D75800489705 /* RatingView.swift */,
				5A7531E22CEE444200489705 /* MoviesAPIService.swift */,
				5A7531E32CEE444200489705 /* MovieSearchApp.swift */,
				5A7531E42CEE444200489705 /* MovieView.swift */,
				5A7531E62CEE444200489705 /* Preview Content */,
				5A7531F82CF06E2600489705 /* Config.swift */,
			);
			path = MovieSearch;
			sourceTree = "<group>";
		};
		5A7531E62CEE444200489705 /* Preview Content */ = {
			isa = PBXGroup;
			children = (
			);
			path = "Preview Content";
			sourceTree = "<group>";
		};
/* End PBXGroup section */

/* Begin PBXNativeTarget section */
		5A752E512CEB4A4800489705 /* MovieSearch */ = {
			isa = PBXNativeTarget;
			buildConfigurationList = 5A752E602CEB4A4800489705 /* Build configuration list for PBXNativeTarget "MovieSearch" */;
			buildPhases = (
				5A752E4E2CEB4A4800489705 /* Sources */,
				5A752E4F2CEB4A4800489705 /* Frameworks */,
				5A752E502CEB4A4800489705 /* Resources */,
			);
			buildRules = (
			);
			dependencies = (
			);
			fileSystemSynchronizedGroups = (
				5A75329D2CF314EC00489705 /* Preview Content */,
			);
			name = MovieSearch;
			packageProductDependencies = (
			);
			productName = MovieSearch;
			productReference = 5A752E522CEB4A4800489705 /* MovieSearch.app */;
			productType = "com.apple.product-type.application";
		};
/* End PBXNativeTarget section */

/* Begin PBXProject section */
		5A752E4A2CEB4A4800489705 /* Project object */ = {
			isa = PBXProject;
			attributes = {
				BuildIndependentTargetsInParallel = 1;
				LastSwiftUpdateCheck = 1600;
				LastUpgradeCheck = 1600;
				TargetAttributes = {
					5A752E512CEB4A4800489705 = {
						CreatedOnToolsVersion = 16.0;
					};
				};
			};
			buildConfigurationList = 5A752E4D2CEB4A4800489705 /* Build configuration list for PBXProject "MovieSearch" */;
			developmentRegion = en;
			hasScannedForEncodings = 0;
			knownRegions = (
				en,
				Base,
			);
			mainGroup = 5A752E492CEB4A4800489705;
			minimizedProjectReferenceProxies = 1;
			preferredProjectObjectVersion = 77;
			productRefGroup = 5A752E532CEB4A4800489705 /* Products */;
			projectDirPath = "";
			projectRoot = "";
			targets = (
				5A752E512CEB4A4800489705 /* MovieSearch */,
			);
		};
/* End PBXProject section */

/* Begin PBXResourcesBuildPhase section */
		5A752E502CEB4A4800489705 /* Resources */ = {
			isa = PBXResourcesBuildPhase;
			buildActionMask = 2147483647;
			files = (
				5A7531FB2CF0C0BB00489705 /* .gitignore in Resources */,
				5A7531F22CEF5FD000489705 /* SavedMovies.json in Resources */,
				5A7531F52CEF935D00489705 /* Config.xcconfig in Resources */,
				5A7531EF2CEE444200489705 /* Assets.xcassets in Resources */,
			);
			runOnlyForDeploymentPostprocessing = 0;
		};
/* End PBXResourcesBuildPhase section */

/* Begin PBXSourcesBuildPhase section */
		5A752E4E2CEB4A4800489705 /* Sources */ = {
			isa = PBXSourcesBuildPhase;
			buildActionMask = 2147483647;
			files = (
				5A7531E72CEE444200489705 /* ContentViewModel.swift in Sources */,
				5A7531E82CEE444200489705 /* MoviesAPIService.swift in Sources */,
				5A7531F92CF06E2600489705 /* Config.swift in Sources */,
				5A7532232CF1D75800489705 /* RatingView.swift in Sources */,
				5A7531E92CEE444200489705 /* Movie.swift in Sources */,
				5A7532402CF1E04700489705 /* Favorites.swift in Sources */,
				5A7531EA2CEE444200489705 /* ContentView.swift in Sources */,
				5A7532A52CF34CC000489705 /* TabContentView.swift in Sources */,
				5A7532A12CF32B4A00489705 /* LayoutView.swift in Sources */,
				5A7531EB2CEE444200489705 /* MovieDetailsView.swift in Sources */,
				5A7531EC2CEE444200489705 /* MovieSearchApp.swift in Sources */,
				5A7531ED2CEE444200489705 /* MovieView.swift in Sources */,
				5A7531EE2CEE444200489705 /* Bundle-Decodable.swift in Sources */,
			);
			runOnlyForDeploymentPostprocessing = 0;
		};
/* End PBXSourcesBuildPhase section */

/* Begin XCBuildConfiguration section */
		5A752E5E2CEB4A4800489705 /* Debug */ = {
			isa = XCBuildConfiguration;
			baseConfigurationReference = 5A7531F42CEF907E00489705 /* Config.xcconfig */;
			buildSettings = {
				ALWAYS_SEARCH_USER_PATHS = NO;
				ASSETCATALOG_COMPILER_GENERATE_SWIFT_ASSET_SYMBOL_EXTENSIONS = YES;
				CLANG_ANALYZER_NONNULL = YES;
				CLANG_ANALYZER_NUMBER_OBJECT_CONVERSION = YES_AGGRESSIVE;
				CLANG_CXX_LANGUAGE_STANDARD = "gnu++20";
				CLANG_ENABLE_MODULES = YES;
				CLANG_ENABLE_OBJC_ARC = YES;
				CLANG_ENABLE_OBJC_WEAK = YES;
				CLANG_WARN_BLOCK_CAPTURE_AUTORELEASING = YES;
				CLANG_WARN_BOOL_CONVERSION = YES;
				CLANG_WARN_COMMA = YES;
				CLANG_WARN_CONSTANT_CONVERSION = YES;
				CLANG_WARN_DEPRECATED_OBJC_IMPLEMENTATIONS = YES;
				CLANG_WARN_DIRECT_OBJC_ISA_USAGE = YES_ERROR;
				CLANG_WARN_DOCUMENTATION_COMMENTS = YES;
				CLANG_WARN_EMPTY_BODY = YES;
				CLANG_WARN_ENUM_CONVERSION = YES;
				CLANG_WARN_INFINITE_RECURSION = YES;
				CLANG_WARN_INT_CONVERSION = YES;
				CLANG_WARN_NON_LITERAL_NULL_CONVERSION = YES;
				CLANG_WARN_OBJC_IMPLICIT_RETAIN_SELF = YES;
				CLANG_WARN_OBJC_LITERAL_CONVERSION = YES;
				CLANG_WARN_OBJC_ROOT_CLASS = YES_ERROR;
				CLANG_WARN_QUOTED_INCLUDE_IN_FRAMEWORK_HEADER = YES;
				CLANG_WARN_RANGE_LOOP_ANALYSIS = YES;
				CLANG_WARN_STRICT_PROTOTYPES = YES;
				CLANG_WARN_SUSPICIOUS_MOVE = YES;
				CLANG_WARN_UNGUARDED_AVAILABILITY = YES_AGGRESSIVE;
				CLANG_WARN_UNREACHABLE_CODE = YES;
				CLANG_WARN__DUPLICATE_METHOD_MATCH = YES;
				COPY_PHASE_STRIP = NO;
				DEBUG_INFORMATION_FORMAT = dwarf;
				ENABLE_STRICT_OBJC_MSGSEND = YES;
				ENABLE_TESTABILITY = YES;
				ENABLE_USER_SCRIPT_SANDBOXING = YES;
				GCC_C_LANGUAGE_STANDARD = gnu17;
				GCC_DYNAMIC_NO_PIC = NO;
				GCC_NO_COMMON_BLOCKS = YES;
				GCC_OPTIMIZATION_LEVEL = 0;
				GCC_PREPROCESSOR_DEFINITIONS = (
					"DEBUG=1",
					"$(inherited)",
				);
				GCC_WARN_64_TO_32_BIT_CONVERSION = YES;
				GCC_WARN_ABOUT_RETURN_TYPE = YES_ERROR;
				GCC_WARN_UNDECLARED_SELECTOR = YES;
				GCC_WARN_UNINITIALIZED_AUTOS = YES_AGGRESSIVE;
				GCC_WARN_UNUSED_FUNCTION = YES;
				GCC_WARN_UNUSED_VARIABLE = YES;
				IPHONEOS_DEPLOYMENT_TARGET = 18.0;
				LOCALIZATION_PREFERS_STRING_CATALOGS = YES;
				MTL_ENABLE_DEBUG_INFO = INCLUDE_SOURCE;
				MTL_FAST_MATH = YES;
				ONLY_ACTIVE_ARCH = YES;
				SDKROOT = iphoneos;
				SWIFT_ACTIVE_COMPILATION_CONDITIONS = "DEBUG $(inherited)";
				SWIFT_OPTIMIZATION_LEVEL = "-Onone";
			};
			name = Debug;
		};
		5A752E5F2CEB4A4800489705 /* Release */ = {
			isa = XCBuildConfiguration;
			buildSettings = {
				ALWAYS_SEARCH_USER_PATHS = NO;
				ASSETCATALOG_COMPILER_GENERATE_SWIFT_ASSET_SYMBOL_EXTENSIONS = YES;
				CLANG_ANALYZER_NONNULL = YES;
				CLANG_ANALYZER_NUMBER_OBJECT_CONVERSION = YES_AGGRESSIVE;
				CLANG_CXX_LANGUAGE_STANDARD = "gnu++20";
				CLANG_ENABLE_MODULES = YES;
				CLANG_ENABLE_OBJC_ARC = YES;
				CLANG_ENABLE_OBJC_WEAK = YES;
				CLANG_WARN_BLOCK_CAPTURE_AUTORELEASING = YES;
				CLANG_WARN_BOOL_CONVERSION = YES;
				CLANG_WARN_COMMA = YES;
				CLANG_WARN_CONSTANT_CONVERSION = YES;
				CLANG_WARN_DEPRECATED_OBJC_IMPLEMENTATIONS = YES;
				CLANG_WARN_DIRECT_OBJC_ISA_USAGE = YES_ERROR;
				CLANG_WARN_DOCUMENTATION_COMMENTS = YES;
				CLANG_WARN_EMPTY_BODY = YES;
				CLANG_WARN_ENUM_CONVERSION = YES;
				CLANG_WARN_INFINITE_RECURSION = YES;
				CLANG_WARN_INT_CONVERSION = YES;
				CLANG_WARN_NON_LITERAL_NULL_CONVERSION = YES;
				CLANG_WARN_OBJC_IMPLICIT_RETAIN_SELF = YES;
				CLANG_WARN_OBJC_LITERAL_CONVERSION = YES;
				CLANG_WARN_OBJC_ROOT_CLASS = YES_ERROR;
				CLANG_WARN_QUOTED_INCLUDE_IN_FRAMEWORK_HEADER = YES;
				CLANG_WARN_RANGE_LOOP_ANALYSIS = YES;
				CLANG_WARN_STRICT_PROTOTYPES = YES;
				CLANG_WARN_SUSPICIOUS_MOVE = YES;
				CLANG_WARN_UNGUARDED_AVAILABILITY = YES_AGGRESSIVE;
				CLANG_WARN_UNREACHABLE_CODE = YES;
				CLANG_WARN__DUPLICATE_METHOD_MATCH = YES;
				COPY_PHASE_STRIP = NO;
				DEBUG_INFORMATION_FORMAT = "dwarf-with-dsym";
				ENABLE_NS_ASSERTIONS = NO;
				ENABLE_STRICT_OBJC_MSGSEND = YES;
				ENABLE_USER_SCRIPT_SANDBOXING = YES;
				GCC_C_LANGUAGE_STANDARD = gnu17;
				GCC_NO_COMMON_BLOCKS = YES;
				GCC_WARN_64_TO_32_BIT_CONVERSION = YES;
				GCC_WARN_ABOUT_RETURN_TYPE = YES_ERROR;
				GCC_WARN_UNDECLARED_SELECTOR = YES;
				GCC_WARN_UNINITIALIZED_AUTOS = YES_AGGRESSIVE;
				GCC_WARN_UNUSED_FUNCTION = YES;
				GCC_WARN_UNUSED_VARIABLE = YES;
				IPHONEOS_DEPLOYMENT_TARGET = 18.0;
				LOCALIZATION_PREFERS_STRING_CATALOGS = YES;
				MTL_ENABLE_DEBUG_INFO = NO;
				MTL_FAST_MATH = YES;
				SDKROOT = iphoneos;
				SWIFT_COMPILATION_MODE = wholemodule;
				VALIDATE_PRODUCT = YES;
			};
			name = Release;
		};
		5A752E612CEB4A4800489705 /* Debug */ = {
			isa = XCBuildConfiguration;
			buildSettings = {
				ASSETCATALOG_COMPILER_APPICON_NAME = AppIcon;
				ASSETCATALOG_COMPILER_GLOBAL_ACCENT_COLOR_NAME = AccentColor;
				CODE_SIGN_STYLE = Automatic;
				CURRENT_PROJECT_VERSION = 1;
				DEVELOPMENT_ASSET_PATHS = "\"MovieSearch/Preview Content\"";
				DEVELOPMENT_TEAM = ZUXSFXWRJ3;
				ENABLE_PREVIEWS = YES;
				GENERATE_INFOPLIST_FILE = YES;
				INFOPLIST_KEY_UIApplicationSceneManifest_Generation = YES;
				INFOPLIST_KEY_UIApplicationSupportsIndirectInputEvents = YES;
				INFOPLIST_KEY_UILaunchScreen_Generation = YES;
				INFOPLIST_KEY_UISupportedInterfaceOrientations_iPad = "UIInterfaceOrientationPortrait UIInterfaceOrientationPortraitUpsideDown UIInterfaceOrientationLandscapeLeft UIInterfaceOrientationLandscapeRight";
				INFOPLIST_KEY_UISupportedInterfaceOrientations_iPhone = "UIInterfaceOrientationPortrait UIInterfaceOrientationLandscapeLeft UIInterfaceOrientationLandscapeRight";
				LD_RUNPATH_SEARCH_PATHS = (
					"$(inherited)",
					"@executable_path/Frameworks",
				);
				MARKETING_VERSION = 1.0;
				PRODUCT_BUNDLE_IDENTIFIER = Filin.MovieSearch;
				PRODUCT_NAME = "$(TARGET_NAME)";
				SWIFT_EMIT_LOC_STRINGS = YES;
				SWIFT_VERSION = 5.0;
				TARGETED_DEVICE_FAMILY = "1,2";
			};
			name = Debug;
		};
		5A752E622CEB4A4800489705 /* Release */ = {
			isa = XCBuildConfiguration;
			buildSettings = {
				ASSETCATALOG_COMPILER_APPICON_NAME = AppIcon;
				ASSETCATALOG_COMPILER_GLOBAL_ACCENT_COLOR_NAME = AccentColor;
				CODE_SIGN_STYLE = Automatic;
				CURRENT_PROJECT_VERSION = 1;
				DEVELOPMENT_ASSET_PATHS = "\"MovieSearch/Preview Content\"";
				DEVELOPMENT_TEAM = ZUXSFXWRJ3;
				ENABLE_PREVIEWS = YES;
				GENERATE_INFOPLIST_FILE = YES;
				INFOPLIST_KEY_UIApplicationSceneManifest_Generation = YES;
				INFOPLIST_KEY_UIApplicationSupportsIndirectInputEvents = YES;
				INFOPLIST_KEY_UILaunchScreen_Generation = YES;
				INFOPLIST_KEY_UISupportedInterfaceOrientations_iPad = "UIInterfaceOrientationPortrait UIInterfaceOrientationPortraitUpsideDown UIInterfaceOrientationLandscapeLeft UIInterfaceOrientationLandscapeRight";
				INFOPLIST_KEY_UISupportedInterfaceOrientations_iPhone = "UIInterfaceOrientationPortrait UIInterfaceOrientationLandscapeLeft UIInterfaceOrientationLandscapeRight";
				LD_RUNPATH_SEARCH_PATHS = (
					"$(inherited)",
					"@executable_path/Frameworks",
				);
				MARKETING_VERSION = 1.0;
				PRODUCT_BUNDLE_IDENTIFIER = Filin.MovieSearch;
				PRODUCT_NAME = "$(TARGET_NAME)";
				SWIFT_EMIT_LOC_STRINGS = YES;
				SWIFT_VERSION = 5.0;
				TARGETED_DEVICE_FAMILY = "1,2";
			};
			name = Release;
		};
/* End XCBuildConfiguration section */

/* Begin XCConfigurationList section */
		5A752E4D2CEB4A4800489705 /* Build configuration list for PBXProject "MovieSearch" */ = {
			isa = XCConfigurationList;
			buildConfigurations = (
				5A752E5E2CEB4A4800489705 /* Debug */,
				5A752E5F2CEB4A4800489705 /* Release */,
			);
			defaultConfigurationIsVisible = 0;
			defaultConfigurationName = Release;
		};
		5A752E602CEB4A4800489705 /* Build configuration list for PBXNativeTarget "MovieSearch" */ = {
			isa = XCConfigurationList;
			buildConfigurations = (
				5A752E612CEB4A4800489705 /* Debug */,
				5A752E622CEB4A4800489705 /* Release */,
			);
			defaultConfigurationIsVisible = 0;
			defaultConfigurationName = Release;
		};
/* End XCConfigurationList section */
	};
	rootObject = 5A752E4A2CEB4A4800489705 /* Project object */;
}
